
Microsoft Visual Studio Solution File, Format Version 12.00
# Visual Studio Version 16
VisualStudioVersion = 16.0.30804.86
MinimumVisualStudioVersion = 10.0.40219.1
Project("{9A19103F-16F7-4668-BE54-9A1E7A4F7556}") = "Metods", "Metods\Metods.csproj", "{943D3FBD-70FD-4F6A-9614-8985DA432F6B}"
EndProject
Project("{9A19103F-16F7-4668-BE54-9A1E7A4F7556}") = "DegerVeReferansTipler", "DegerVeReferansTipler\DegerVeReferansTipler.csproj", "{627240DC-32BB-4ABC-9D42-94BE9189A7ED}"
EndProject
Project("{9A19103F-16F7-4668-BE54-9A1E7A4F7556}") = "OOP1", "OOP1\OOP1.csproj", "{83CE53B7-BC94-49A5-AAB1-E88C62AD1FB0}"
EndProject
Project("{FAE04EC0-301F-11D3-BF4B-00C04F79EFBC}") = "Koleksiyonlar", "Koleksiyonlar\Koleksiyonlar.csproj", "{61512652-DBD0-4FCA-83F8-3DAE57CC5FD4}"
EndProject
Project("{FAE04EC0-301F-11D3-BF4B-00C04F79EFBC}") = "Genericsİntro", "Genericsİntro\Genericsİntro.csproj", "{C1E0CFA4-1EE1-4391-B935-20FD0CF79A58}"
EndProject
Global
	GlobalSection(SolutionConfigurationPlatforms) = preSolution
		Debug|Any CPU = Debug|Any CPU
		Release|Any CPU = Release|Any CPU
	EndGlobalSection
	GlobalSection(ProjectConfigurationPlatforms) = postSolution
		{943D3FBD-70FD-4F6A-9614-8985DA432F6B}.Debug|Any CPU.ActiveCfg = Debug|Any CPU
		{943D3FBD-70FD-4F6A-9614-8985DA432F6B}.Debug|Any CPU.Build.0 = Debug|Any CPU
		{943D3FBD-70FD-4F6A-9614-8985DA432F6B}.Release|Any CPU.ActiveCfg = Release|Any CPU
		{943D3FBD-70FD-4F6A-9614-8985DA432F6B}.Release|Any CPU.Build.0 = Release|Any CPU
		{627240DC-32BB-4ABC-9D42-94BE9189A7ED}.Debug|Any CPU.ActiveCfg = Debug|Any CPU
		{627240DC-32BB-4ABC-9D42-94BE9189A7ED}.Debug|Any CPU.Build.0 = Debug|Any CPU
		{627240DC-32BB-4ABC-9D42-94BE9189A7ED}.Release|Any CPU.ActiveCfg = Release|Any CPU
		{627240DC-32BB-4ABC-9D42-94BE9189A7ED}.Release|Any CPU.Build.0 = Release|Any CPU
		{83CE53B7-BC94-49A5-AAB1-E88C62AD1FB0}.Debug|Any CPU.ActiveCfg = Debug|Any CPU
		{83CE53B7-BC94-49A5-AAB1-E88C62AD1FB0}.Debug|Any CPU.Build.0 = Debug|Any CPU
		{83CE53B7-BC94-49A5-AAB1-E88C62AD1FB0}.Release|Any CPU.ActiveCfg = Release|Any CPU
		{83CE53B7-BC94-49A5-AAB1-E88C62AD1FB0}.Release|Any CPU.Build.0 = Release|Any CPU
		{61512652-DBD0-4FCA-83F8-3DAE57CC5FD4}.Debug|Any CPU.ActiveCfg = Debug|Any CPU
		{61512652-DBD0-4FCA-83F8-3DAE57CC5FD4}.Debug|Any CPU.Build.0 = Debug|Any CPU
		{61512652-DBD0-4FCA-83F8-3DAE57CC5FD4}.Release|Any CPU.ActiveCfg = Release|Any CPU
		{61512652-DBD0-4FCA-83F8-3DAE57CC5FD4}.Release|Any CPU.Build.0 = Release|Any CPU
		{C1E0CFA4-1EE1-4391-B935-20FD0CF79A58}.Debug|Any CPU.ActiveCfg = Debug|Any CPU
		{C1E0CFA4-1EE1-4391-B935-20FD0CF79A58}.Debug|Any CPU.Build.0 = Debug|Any CPU
		{C1E0CFA4-1EE1-4391-B935-20FD0CF79A58}.Release|Any CPU.ActiveCfg = Release|Any CPU
		{C1E0CFA4-1EE1-4391-B935-20FD0CF79A58}.Release|Any CPU.Build.0 = Release|Any CPU
	EndGlobalSection
	GlobalSection(SolutionProperties) = preSolution
		HideSolutionNode = FALSE
	EndGlobalSection
	GlobalSection(ExtensibilityGlobals) = postSolution
		SolutionGuid = {85A3814A-77A7-4C18-BBB5-6FF4E3811F63}
	EndGlobalSection
EndGlobal
